<?xml version="1.0" encoding="utf-8"?>
<Project ToolsVersion="4.0" xmlns="http://schemas.microsoft.com/developer/msbuild/2003">
  <ItemGroup>
    <Filter Include="Blinky">
      <UniqueIdentifier>{AE4AB1A9-9AEC-DB7F-83A7-EFD36FE862D0}</UniqueIdentifier>
    </Filter>
    <Filter Include="Blinky\Events">
      <UniqueIdentifier>{D2664E20-3E27-CA56-0762-13D473E10E33}</UniqueIdentifier>
    </Filter>
  </ItemGroup>
  <ItemGroup>
    <ClInclude Include="src\Blinky.h" />
    <ClInclude Include="src\Blinky\Application.h">
      <Filter>Blinky</Filter>
    </ClInclude>
    <ClInclude Include="src\Blinky\Core.h">
      <Filter>Blinky</Filter>
    </ClInclude>
    <ClInclude Include="src\Blinky\EntryPoint.h">
      <Filter>Blinky</Filter>
    </ClInclude>
    <ClInclude Include="src\Blinky\Events\Event.h">
      <Filter>Blinky\Events</Filter>
    </ClInclude>
    <ClInclude Include="src\Blinky\Log.h">
      <Filter>Blinky</Filter>
    </ClInclude>
    <ClInclude Include="src\Blinky\Events\KeyEvent.h" />
    <ClInclude Include="src\Blinky\Events\MouseEvent.h" />
    <ClInclude Include="src\Blinky\Events\ApplicationEvent.h" />
  </ItemGroup>
  <ItemGroup>
    <ClCompile Include="src\Blinky\Application.cpp">
      <Filter>Blinky</Filter>
    </ClCompile>
    <ClCompile Include="src\Blinky\Log.cpp">
      <Filter>Blinky</Filter>
    </ClCompile>
  </ItemGroup>
</Project>